
Microsoft Visual Studio Solution File, Format Version 12.00
# Visual Studio 15
VisualStudioVersion = 15.0.27428.1
MinimumVisualStudioVersion = 10.0.40219.1
Project("{FAE04EC0-301F-11D3-BF4B-00C04F79EFBC}") = "parking", "parking\parking.csproj", "{0098F826-D978-4DDD-8E1E-BD5724D209D6}"
EndProject
Project("{8BC9CEB8-8B4A-11D0-8D11-00A0C91BC942}") = "DeviceDriver", "..\Dien Tu\usb-relay-master\usb-relay-master\DeviceDriver\DeviceDriver.vcxproj", "{80C0418B-F517-494E-B910-0B90A25CF17B}"
EndProject
Global
	GlobalSection(SolutionConfigurationPlatforms) = preSolution
		Debug|Any CPU = Debug|Any CPU
		Debug|x64 = Debug|x64
		Debug|x86 = Debug|x86
		Release|Any CPU = Release|Any CPU
		Release|x64 = Release|x64
		Release|x86 = Release|x86
	EndGlobalSection
	GlobalSection(ProjectConfigurationPlatforms) = postSolution
		{0098F826-D978-4DDD-8E1E-BD5724D209D6}.Debug|Any CPU.ActiveCfg = Debug|Any CPU
		{0098F826-D978-4DDD-8E1E-BD5724D209D6}.Debug|Any CPU.Build.0 = Debug|Any CPU
		{0098F826-D978-4DDD-8E1E-BD5724D209D6}.Debug|x64.ActiveCfg = Debug|x64
		{0098F826-D978-4DDD-8E1E-BD5724D209D6}.Debug|x64.Build.0 = Debug|x64
		{0098F826-D978-4DDD-8E1E-BD5724D209D6}.Debug|x86.ActiveCfg = Debug|x86
		{0098F826-D978-4DDD-8E1E-BD5724D209D6}.Debug|x86.Build.0 = Debug|x86
		{0098F826-D978-4DDD-8E1E-BD5724D209D6}.Release|Any CPU.ActiveCfg = Release|Any CPU
		{0098F826-D978-4DDD-8E1E-BD5724D209D6}.Release|Any CPU.Build.0 = Release|Any CPU
		{0098F826-D978-4DDD-8E1E-BD5724D209D6}.Release|x64.ActiveCfg = Release|x64
		{0098F826-D978-4DDD-8E1E-BD5724D209D6}.Release|x64.Build.0 = Release|x64
		{0098F826-D978-4DDD-8E1E-BD5724D209D6}.Release|x86.ActiveCfg = Release|x86
		{0098F826-D978-4DDD-8E1E-BD5724D209D6}.Release|x86.Build.0 = Release|x86
		{80C0418B-F517-494E-B910-0B90A25CF17B}.Debug|Any CPU.ActiveCfg = Debug|Win32
		{80C0418B-F517-494E-B910-0B90A25CF17B}.Debug|Any CPU.Build.0 = Debug|Win32
		{80C0418B-F517-494E-B910-0B90A25CF17B}.Debug|x64.ActiveCfg = Debug|x64
		{80C0418B-F517-494E-B910-0B90A25CF17B}.Debug|x86.ActiveCfg = Debug|Win32
		{80C0418B-F517-494E-B910-0B90A25CF17B}.Debug|x86.Build.0 = Debug|Win32
		{80C0418B-F517-494E-B910-0B90A25CF17B}.Release|Any CPU.ActiveCfg = Release|Win32
		{80C0418B-F517-494E-B910-0B90A25CF17B}.Release|x64.ActiveCfg = Release|x64
		{80C0418B-F517-494E-B910-0B90A25CF17B}.Release|x86.ActiveCfg = Release|Win32
		{80C0418B-F517-494E-B910-0B90A25CF17B}.Release|x86.Build.0 = Release|Win32
	EndGlobalSection
	GlobalSection(SolutionProperties) = preSolution
		HideSolutionNode = FALSE
	EndGlobalSection
	GlobalSection(ExtensibilityGlobals) = postSolution
		SolutionGuid = {1DA46939-E57E-4847-8CFA-586329F4BCA4}
	EndGlobalSection
EndGlobal
